
Microsoft Visual Studio Solution File, Format Version 12.00
# Visual Studio Version 16
VisualStudioVersion = 16.0.30011.22
MinimumVisualStudioVersion = 10.0.40219.1
Project("{9A19103F-16F7-4668-BE54-9A1E7A4F7556}") = "hgcrawler", "hgcrawler\hgcrawler.csproj", "{1523B9D4-9793-4F5D-942E-05FDE9E411CA}"
EndProject
Project("{9A19103F-16F7-4668-BE54-9A1E7A4F7556}") = "hgcrawler.services", "hgcrawler.services\hgcrawler.services.csproj", "{D85ED58E-8820-4724-A1F1-08FBE62B06F4}"
EndProject
Project("{9A19103F-16F7-4668-BE54-9A1E7A4F7556}") = "hgcrawler.util", "hgcrawler.util\hgcrawler.util.csproj", "{A72528E8-F994-4C47-90A4-052571759274}"
EndProject
Project("{9A19103F-16F7-4668-BE54-9A1E7A4F7556}") = "hgcrawler.rules", "hgcrawler.rules\hgcrawler.rules.csproj", "{146649AD-6727-4118-A0D9-B45C65B6AFD6}"
EndProject
Project("{FAE04EC0-301F-11D3-BF4B-00C04F79EFBC}") = "hgcrawlerform", "hgcrawlerform\hgcrawlerform.csproj", "{3CDE1088-C259-479A-B433-398D30A7DE86}"
EndProject
Project("{FAE04EC0-301F-11D3-BF4B-00C04F79EFBC}") = "hgcrawler.common", "hgcrawler.common\hgcrawler.common.csproj", "{C67F55FA-104F-433A-8E5D-02B79B98F5B3}"
EndProject
Global
	GlobalSection(SolutionConfigurationPlatforms) = preSolution
		Debug|Any CPU = Debug|Any CPU
		Debug|x86 = Debug|x86
		Release|Any CPU = Release|Any CPU
		Release|x86 = Release|x86
	EndGlobalSection
	GlobalSection(ProjectConfigurationPlatforms) = postSolution
		{1523B9D4-9793-4F5D-942E-05FDE9E411CA}.Debug|Any CPU.ActiveCfg = Debug|Any CPU
		{1523B9D4-9793-4F5D-942E-05FDE9E411CA}.Debug|Any CPU.Build.0 = Debug|Any CPU
		{1523B9D4-9793-4F5D-942E-05FDE9E411CA}.Debug|x86.ActiveCfg = Debug|x86
		{1523B9D4-9793-4F5D-942E-05FDE9E411CA}.Debug|x86.Build.0 = Debug|x86
		{1523B9D4-9793-4F5D-942E-05FDE9E411CA}.Release|Any CPU.ActiveCfg = Release|Any CPU
		{1523B9D4-9793-4F5D-942E-05FDE9E411CA}.Release|Any CPU.Build.0 = Release|Any CPU
		{1523B9D4-9793-4F5D-942E-05FDE9E411CA}.Release|x86.ActiveCfg = Release|x86
		{1523B9D4-9793-4F5D-942E-05FDE9E411CA}.Release|x86.Build.0 = Release|x86
		{D85ED58E-8820-4724-A1F1-08FBE62B06F4}.Debug|Any CPU.ActiveCfg = Debug|Any CPU
		{D85ED58E-8820-4724-A1F1-08FBE62B06F4}.Debug|Any CPU.Build.0 = Debug|Any CPU
		{D85ED58E-8820-4724-A1F1-08FBE62B06F4}.Debug|x86.ActiveCfg = Debug|x86
		{D85ED58E-8820-4724-A1F1-08FBE62B06F4}.Debug|x86.Build.0 = Debug|x86
		{D85ED58E-8820-4724-A1F1-08FBE62B06F4}.Release|Any CPU.ActiveCfg = Release|Any CPU
		{D85ED58E-8820-4724-A1F1-08FBE62B06F4}.Release|Any CPU.Build.0 = Release|Any CPU
		{D85ED58E-8820-4724-A1F1-08FBE62B06F4}.Release|x86.ActiveCfg = Release|x86
		{D85ED58E-8820-4724-A1F1-08FBE62B06F4}.Release|x86.Build.0 = Release|x86
		{A72528E8-F994-4C47-90A4-052571759274}.Debug|Any CPU.ActiveCfg = Debug|Any CPU
		{A72528E8-F994-4C47-90A4-052571759274}.Debug|Any CPU.Build.0 = Debug|Any CPU
		{A72528E8-F994-4C47-90A4-052571759274}.Debug|x86.ActiveCfg = Debug|x86
		{A72528E8-F994-4C47-90A4-052571759274}.Debug|x86.Build.0 = Debug|x86
		{A72528E8-F994-4C47-90A4-052571759274}.Release|Any CPU.ActiveCfg = Release|Any CPU
		{A72528E8-F994-4C47-90A4-052571759274}.Release|Any CPU.Build.0 = Release|Any CPU
		{A72528E8-F994-4C47-90A4-052571759274}.Release|x86.ActiveCfg = Release|x86
		{A72528E8-F994-4C47-90A4-052571759274}.Release|x86.Build.0 = Release|x86
		{146649AD-6727-4118-A0D9-B45C65B6AFD6}.Debug|Any CPU.ActiveCfg = Debug|Any CPU
		{146649AD-6727-4118-A0D9-B45C65B6AFD6}.Debug|Any CPU.Build.0 = Debug|Any CPU
		{146649AD-6727-4118-A0D9-B45C65B6AFD6}.Debug|x86.ActiveCfg = Debug|Any CPU
		{146649AD-6727-4118-A0D9-B45C65B6AFD6}.Debug|x86.Build.0 = Debug|Any CPU
		{146649AD-6727-4118-A0D9-B45C65B6AFD6}.Release|Any CPU.ActiveCfg = Release|Any CPU
		{146649AD-6727-4118-A0D9-B45C65B6AFD6}.Release|Any CPU.Build.0 = Release|Any CPU
		{146649AD-6727-4118-A0D9-B45C65B6AFD6}.Release|x86.ActiveCfg = Release|Any CPU
		{146649AD-6727-4118-A0D9-B45C65B6AFD6}.Release|x86.Build.0 = Release|Any CPU
		{3CDE1088-C259-479A-B433-398D30A7DE86}.Debug|Any CPU.ActiveCfg = Debug|Any CPU
		{3CDE1088-C259-479A-B433-398D30A7DE86}.Debug|Any CPU.Build.0 = Debug|Any CPU
		{3CDE1088-C259-479A-B433-398D30A7DE86}.Debug|x86.ActiveCfg = Debug|Any CPU
		{3CDE1088-C259-479A-B433-398D30A7DE86}.Debug|x86.Build.0 = Debug|Any CPU
		{3CDE1088-C259-479A-B433-398D30A7DE86}.Release|Any CPU.ActiveCfg = Release|Any CPU
		{3CDE1088-C259-479A-B433-398D30A7DE86}.Release|Any CPU.Build.0 = Release|Any CPU
		{3CDE1088-C259-479A-B433-398D30A7DE86}.Release|x86.ActiveCfg = Release|Any CPU
		{3CDE1088-C259-479A-B433-398D30A7DE86}.Release|x86.Build.0 = Release|Any CPU
		{C67F55FA-104F-433A-8E5D-02B79B98F5B3}.Debug|Any CPU.ActiveCfg = Debug|Any CPU
		{C67F55FA-104F-433A-8E5D-02B79B98F5B3}.Debug|Any CPU.Build.0 = Debug|Any CPU
		{C67F55FA-104F-433A-8E5D-02B79B98F5B3}.Debug|x86.ActiveCfg = Debug|Any CPU
		{C67F55FA-104F-433A-8E5D-02B79B98F5B3}.Debug|x86.Build.0 = Debug|Any CPU
		{C67F55FA-104F-433A-8E5D-02B79B98F5B3}.Release|Any CPU.ActiveCfg = Release|Any CPU
		{C67F55FA-104F-433A-8E5D-02B79B98F5B3}.Release|Any CPU.Build.0 = Release|Any CPU
		{C67F55FA-104F-433A-8E5D-02B79B98F5B3}.Release|x86.ActiveCfg = Release|Any CPU
		{C67F55FA-104F-433A-8E5D-02B79B98F5B3}.Release|x86.Build.0 = Release|Any CPU
	EndGlobalSection
	GlobalSection(SolutionProperties) = preSolution
		HideSolutionNode = FALSE
	EndGlobalSection
	GlobalSection(ExtensibilityGlobals) = postSolution
		SolutionGuid = {F72416F3-59D4-439E-9E53-4E5C6281B73C}
	EndGlobalSection
EndGlobal
