
Microsoft Visual Studio Solution File, Format Version 12.00
# Visual Studio Version 17
VisualStudioVersion = 17.0.31903.59
MinimumVisualStudioVersion = 10.0.40219.1
Project("{FAE04EC0-301F-11D3-BF4B-00C04F79EFBC}") = "DeepSeekApi", "DeepSeekApi\DeepSeekApi.csproj", "{6914ED47-842D-5EC6-3891-B82AFA00BD80}"
EndProject
Project("{FAE04EC0-301F-11D3-BF4B-00C04F79EFBC}") = "DeepSeekApi.Tests", "DeepSeekApi.Tests\DeepSeekApi.Tests.csproj", "{7F9C1071-AD78-DABE-B670-522BB8E87497}"
EndProject
Global
	GlobalSection(SolutionConfigurationPlatforms) = preSolution
		Debug|Any CPU = Debug|Any CPU
		Release|Any CPU = Release|Any CPU
	EndGlobalSection
	GlobalSection(ProjectConfigurationPlatforms) = postSolution
		{6914ED47-842D-5EC6-3891-B82AFA00BD80}.Debug|Any CPU.ActiveCfg = Debug|Any CPU
		{6914ED47-842D-5EC6-3891-B82AFA00BD80}.Debug|Any CPU.Build.0 = Debug|Any CPU
		{6914ED47-842D-5EC6-3891-B82AFA00BD80}.Release|Any CPU.ActiveCfg = Release|Any CPU
		{6914ED47-842D-5EC6-3891-B82AFA00BD80}.Release|Any CPU.Build.0 = Release|Any CPU
		{7F9C1071-AD78-DABE-B670-522BB8E87497}.Debug|Any CPU.ActiveCfg = Debug|Any CPU
		{7F9C1071-AD78-DABE-B670-522BB8E87497}.Debug|Any CPU.Build.0 = Debug|Any CPU
		{7F9C1071-AD78-DABE-B670-522BB8E87497}.Release|Any CPU.ActiveCfg = Release|Any CPU
		{7F9C1071-AD78-DABE-B670-522BB8E87497}.Release|Any CPU.Build.0 = Release|Any CPU
	EndGlobalSection
	GlobalSection(SolutionProperties) = preSolution
		HideSolutionNode = FALSE
	EndGlobalSection
EndGlobal
